{
  "name": "main",
  "requires": true,
  "lockfileVersion": 1,
  "dependencies": {
    "@babel/runtime": {
      "version": "7.5.5",
      "resolved": "https://registry.npmjs.org/@babel/runtime/-/runtime-7.5.5.tgz",
      "integrity": "sha512-28QvEGyQyNkB0/m2B4FU7IEZGK2NUrcMtT6BZEFALTguLk+AUT6ofsHtPk5QyjAdUkpMJ+/Em+quwz4HOt30AQ==",
      "requires": {
        "regenerator-runtime": "^0.13.2"
      }
    },
    "@grpc/grpc-js": {
      "version": "0.5.2",
      "resolved": "https://registry.npmjs.org/@grpc/grpc-js/-/grpc-js-0.5.2.tgz",
      "integrity": "sha512-NE1tP/1AF6BqhLdILElnF7aOBfoky+4ZOdZU/0NmKo2d+9F9QD8zGoElpBk/5BfyQZ3u1Zs+wFbDOFpVUzDx1w==",
      "requires": {
        "semver": "^6.0.0"
      }
    },
    "apptree-workflow-sdk": {
      "version": "0.0.3",
      "resolved": "https://registry.npmjs.org/apptree-workflow-sdk/-/apptree-workflow-sdk-0.0.3.tgz",
      "integrity": "sha512-07X7u0Bstci2Q5BSL8H+IfAv/6lSOYMrMg0UDZEZghPjScIAEjPzlLXQHmxqc5Immk1Wnaz16k9HDjmBUZDAxg==",
      "requires": {
        "@grpc/grpc-js": "^0.5.2",
        "google-protobuf": "^3.9.1",
        "yaml": "^1.6.0"
      }
    },
    "google-protobuf": {
      "version": "3.9.1",
      "resolved": "https://registry.npmjs.org/google-protobuf/-/google-protobuf-3.9.1.tgz",
      "integrity": "sha512-tkz7SVwBktFbqFK3teXFUY/VM57+mbUgV9bSD+sZH1ocHJ7uk7BfEWMRdU24dd0ciUDokreA7ghH2fYFIczQdw=="
    },
    "regenerator-runtime": {
      "version": "0.13.3",
      "resolved": "https://registry.npmjs.org/regenerator-runtime/-/regenerator-runtime-0.13.3.tgz",
      "integrity": "sha512-naKIZz2GQ8JWh///G7L3X6LaQUAMp2lvb1rvwwsURe/VXwD6VMfr+/1NuNw3ag8v2kY1aQ/go5SNn79O9JU7yw=="
    },
    "semver": {
      "version": "6.3.0",
      "resolved": "https://registry.npmjs.org/semver/-/semver-6.3.0.tgz",
      "integrity": "sha512-b39TBaTSfV6yBrapU89p5fKekE2m/NwnDocOVruQFS1/veMgdzuPcnOM34M6CwxW8jH/lxEa5rBoDeUwu5HHTw=="
    },
    "yaml": {
      "version": "1.6.0",
      "resolved": "https://registry.npmjs.org/yaml/-/yaml-1.6.0.tgz",
      "integrity": "sha512-iZfse3lwrJRoSlfs/9KQ9iIXxs9++RvBFVzAqbbBiFT+giYtyanevreF9r61ZTbGMgWQBxAua3FzJiniiJXWWw==",
      "requires": {
        "@babel/runtime": "^7.4.5"
      }
    }
  }
}
